
Microsoft Visual Studio Solution File, Format Version 12.00
# Visual Studio Version 17
VisualStudioVersion = 17.0.31903.59
MinimumVisualStudioVersion = 10.0.40219.1
Project("{2150E333-8FDC-42A3-9474-1A3956D46DE8}") = "src", "src", "{827E0CD3-B72D-47B6-A68D-7590B98EB39B}"
EndProject
Project("{FAE04EC0-301F-11D3-BF4B-00C04F79EFBC}") = "TravelCompanion.Api", "src\TravelCompanion.Api\TravelCompanion.Api.csproj", "{60249242-850B-43D7-AB88-A65172D3D82E}"
EndProject
Project("{FAE04EC0-301F-11D3-BF4B-00C04F79EFBC}") = "TravelCompanion.Shared", "src\TravelCompanion.Shared\TravelCompanion.Shared.csproj", "{48FD2360-470B-4289-8880-B155239FFA40}"
EndProject
Project("{FAE04EC0-301F-11D3-BF4B-00C04F79EFBC}") = "TravelCompanion.Mobile", "src\TravelCompanion.Mobile\TravelCompanion.Mobile.csproj", "{82F64A1F-843C-4E67-8E05-83A9CEE42A55}"
EndProject
Project("{2150E333-8FDC-42A3-9474-1A3956D46DE8}") = "tools", "tools", "{07C2787E-EAC7-C090-1BA3-A61EC2A24D84}"
EndProject
Project("{FAE04EC0-301F-11D3-BF4B-00C04F79EFBC}") = "TravelCompanion.DevBootstrap", "tools\TravelCompanion.DevBootstrap\TravelCompanion.DevBootstrap.csproj", "{7ACDFD4C-D557-455B-AF8C-6E5C4FFEE2A8}"
EndProject
Project("{2150E333-8FDC-42A3-9474-1A3956D46DE8}") = "tests", "tests", "{0AB3BF05-4346-4AA6-1389-037BE0695223}"
EndProject
Project("{FAE04EC0-301F-11D3-BF4B-00C04F79EFBC}") = "TravelCompanion.Shared.Tests", "tests\TravelCompanion.Shared.Tests\TravelCompanion.Shared.Tests.csproj", "{02A23FF6-9EEC-4045-86D9-2E056F4D02B5}"
EndProject
Project("{FAE04EC0-301F-11D3-BF4B-00C04F79EFBC}") = "TravelCompanion.Api.Tests", "tests\TravelCompanion.Api.Tests\TravelCompanion.Api.Tests.csproj", "{EF676F7E-2B8A-4231-B388-8819079C2C76}"
EndProject
Global
	GlobalSection(SolutionConfigurationPlatforms) = preSolution
		Debug|Any CPU = Debug|Any CPU
		Debug|x64 = Debug|x64
		Debug|x86 = Debug|x86
		Release|Any CPU = Release|Any CPU
		Release|x64 = Release|x64
		Release|x86 = Release|x86
	EndGlobalSection
	GlobalSection(ProjectConfigurationPlatforms) = postSolution
		{60249242-850B-43D7-AB88-A65172D3D82E}.Debug|Any CPU.ActiveCfg = Debug|Any CPU
		{60249242-850B-43D7-AB88-A65172D3D82E}.Debug|Any CPU.Build.0 = Debug|Any CPU
		{60249242-850B-43D7-AB88-A65172D3D82E}.Debug|x64.ActiveCfg = Debug|Any CPU
		{60249242-850B-43D7-AB88-A65172D3D82E}.Debug|x64.Build.0 = Debug|Any CPU
		{60249242-850B-43D7-AB88-A65172D3D82E}.Debug|x86.ActiveCfg = Debug|Any CPU
		{60249242-850B-43D7-AB88-A65172D3D82E}.Debug|x86.Build.0 = Debug|Any CPU
		{60249242-850B-43D7-AB88-A65172D3D82E}.Release|Any CPU.ActiveCfg = Release|Any CPU
		{60249242-850B-43D7-AB88-A65172D3D82E}.Release|Any CPU.Build.0 = Release|Any CPU
		{60249242-850B-43D7-AB88-A65172D3D82E}.Release|x64.ActiveCfg = Release|Any CPU
		{60249242-850B-43D7-AB88-A65172D3D82E}.Release|x64.Build.0 = Release|Any CPU
		{60249242-850B-43D7-AB88-A65172D3D82E}.Release|x86.ActiveCfg = Release|Any CPU
		{60249242-850B-43D7-AB88-A65172D3D82E}.Release|x86.Build.0 = Release|Any CPU
		{48FD2360-470B-4289-8880-B155239FFA40}.Debug|Any CPU.ActiveCfg = Debug|Any CPU
		{48FD2360-470B-4289-8880-B155239FFA40}.Debug|Any CPU.Build.0 = Debug|Any CPU
		{48FD2360-470B-4289-8880-B155239FFA40}.Debug|x64.ActiveCfg = Debug|Any CPU
		{48FD2360-470B-4289-8880-B155239FFA40}.Debug|x64.Build.0 = Debug|Any CPU
		{48FD2360-470B-4289-8880-B155239FFA40}.Debug|x86.ActiveCfg = Debug|Any CPU
		{48FD2360-470B-4289-8880-B155239FFA40}.Debug|x86.Build.0 = Debug|Any CPU
		{48FD2360-470B-4289-8880-B155239FFA40}.Release|Any CPU.ActiveCfg = Release|Any CPU
		{48FD2360-470B-4289-8880-B155239FFA40}.Release|Any CPU.Build.0 = Release|Any CPU
		{48FD2360-470B-4289-8880-B155239FFA40}.Release|x64.ActiveCfg = Release|Any CPU
		{48FD2360-470B-4289-8880-B155239FFA40}.Release|x64.Build.0 = Release|Any CPU
		{48FD2360-470B-4289-8880-B155239FFA40}.Release|x86.ActiveCfg = Release|Any CPU
		{48FD2360-470B-4289-8880-B155239FFA40}.Release|x86.Build.0 = Release|Any CPU
		{82F64A1F-843C-4E67-8E05-83A9CEE42A55}.Debug|Any CPU.ActiveCfg = Debug|Any CPU
		{82F64A1F-843C-4E67-8E05-83A9CEE42A55}.Debug|Any CPU.Build.0 = Debug|Any CPU
		{82F64A1F-843C-4E67-8E05-83A9CEE42A55}.Debug|x64.ActiveCfg = Debug|Any CPU
		{82F64A1F-843C-4E67-8E05-83A9CEE42A55}.Debug|x64.Build.0 = Debug|Any CPU
		{82F64A1F-843C-4E67-8E05-83A9CEE42A55}.Debug|x86.ActiveCfg = Debug|Any CPU
		{82F64A1F-843C-4E67-8E05-83A9CEE42A55}.Debug|x86.Build.0 = Debug|Any CPU
		{82F64A1F-843C-4E67-8E05-83A9CEE42A55}.Release|Any CPU.ActiveCfg = Release|Any CPU
		{82F64A1F-843C-4E67-8E05-83A9CEE42A55}.Release|Any CPU.Build.0 = Release|Any CPU
		{82F64A1F-843C-4E67-8E05-83A9CEE42A55}.Release|x64.ActiveCfg = Release|Any CPU
		{82F64A1F-843C-4E67-8E05-83A9CEE42A55}.Release|x64.Build.0 = Release|Any CPU
		{82F64A1F-843C-4E67-8E05-83A9CEE42A55}.Release|x86.ActiveCfg = Release|Any CPU
		{82F64A1F-843C-4E67-8E05-83A9CEE42A55}.Release|x86.Build.0 = Release|Any CPU
		{7ACDFD4C-D557-455B-AF8C-6E5C4FFEE2A8}.Debug|Any CPU.ActiveCfg = Debug|Any CPU
		{7ACDFD4C-D557-455B-AF8C-6E5C4FFEE2A8}.Debug|Any CPU.Build.0 = Debug|Any CPU
		{7ACDFD4C-D557-455B-AF8C-6E5C4FFEE2A8}.Debug|x64.ActiveCfg = Debug|Any CPU
		{7ACDFD4C-D557-455B-AF8C-6E5C4FFEE2A8}.Debug|x64.Build.0 = Debug|Any CPU
		{7ACDFD4C-D557-455B-AF8C-6E5C4FFEE2A8}.Debug|x86.ActiveCfg = Debug|Any CPU
		{7ACDFD4C-D557-455B-AF8C-6E5C4FFEE2A8}.Debug|x86.Build.0 = Debug|Any CPU
		{7ACDFD4C-D557-455B-AF8C-6E5C4FFEE2A8}.Release|Any CPU.ActiveCfg = Release|Any CPU
		{7ACDFD4C-D557-455B-AF8C-6E5C4FFEE2A8}.Release|Any CPU.Build.0 = Release|Any CPU
		{7ACDFD4C-D557-455B-AF8C-6E5C4FFEE2A8}.Release|x64.ActiveCfg = Release|Any CPU
		{7ACDFD4C-D557-455B-AF8C-6E5C4FFEE2A8}.Release|x64.Build.0 = Release|Any CPU
		{7ACDFD4C-D557-455B-AF8C-6E5C4FFEE2A8}.Release|x86.ActiveCfg = Release|Any CPU
		{7ACDFD4C-D557-455B-AF8C-6E5C4FFEE2A8}.Release|x86.Build.0 = Release|Any CPU
		{02A23FF6-9EEC-4045-86D9-2E056F4D02B5}.Debug|Any CPU.ActiveCfg = Debug|Any CPU
		{02A23FF6-9EEC-4045-86D9-2E056F4D02B5}.Debug|Any CPU.Build.0 = Debug|Any CPU
		{02A23FF6-9EEC-4045-86D9-2E056F4D02B5}.Debug|x64.ActiveCfg = Debug|Any CPU
		{02A23FF6-9EEC-4045-86D9-2E056F4D02B5}.Debug|x64.Build.0 = Debug|Any CPU
		{02A23FF6-9EEC-4045-86D9-2E056F4D02B5}.Debug|x86.ActiveCfg = Debug|Any CPU
		{02A23FF6-9EEC-4045-86D9-2E056F4D02B5}.Debug|x86.Build.0 = Debug|Any CPU
		{02A23FF6-9EEC-4045-86D9-2E056F4D02B5}.Release|Any CPU.ActiveCfg = Release|Any CPU
		{02A23FF6-9EEC-4045-86D9-2E056F4D02B5}.Release|Any CPU.Build.0 = Release|Any CPU
		{02A23FF6-9EEC-4045-86D9-2E056F4D02B5}.Release|x64.ActiveCfg = Release|Any CPU
		{02A23FF6-9EEC-4045-86D9-2E056F4D02B5}.Release|x64.Build.0 = Release|Any CPU
		{02A23FF6-9EEC-4045-86D9-2E056F4D02B5}.Release|x86.ActiveCfg = Release|Any CPU
		{02A23FF6-9EEC-4045-86D9-2E056F4D02B5}.Release|x86.Build.0 = Release|Any CPU
		{EF676F7E-2B8A-4231-B388-8819079C2C76}.Debug|Any CPU.ActiveCfg = Debug|Any CPU
		{EF676F7E-2B8A-4231-B388-8819079C2C76}.Debug|Any CPU.Build.0 = Debug|Any CPU
		{EF676F7E-2B8A-4231-B388-8819079C2C76}.Debug|x64.ActiveCfg = Debug|Any CPU
		{EF676F7E-2B8A-4231-B388-8819079C2C76}.Debug|x64.Build.0 = Debug|Any CPU
		{EF676F7E-2B8A-4231-B388-8819079C2C76}.Debug|x86.ActiveCfg = Debug|Any CPU
		{EF676F7E-2B8A-4231-B388-8819079C2C76}.Debug|x86.Build.0 = Debug|Any CPU
		{EF676F7E-2B8A-4231-B388-8819079C2C76}.Release|Any CPU.ActiveCfg = Release|Any CPU
		{EF676F7E-2B8A-4231-B388-8819079C2C76}.Release|Any CPU.Build.0 = Release|Any CPU
		{EF676F7E-2B8A-4231-B388-8819079C2C76}.Release|x64.ActiveCfg = Release|Any CPU
		{EF676F7E-2B8A-4231-B388-8819079C2C76}.Release|x64.Build.0 = Release|Any CPU
		{EF676F7E-2B8A-4231-B388-8819079C2C76}.Release|x86.ActiveCfg = Release|Any CPU
		{EF676F7E-2B8A-4231-B388-8819079C2C76}.Release|x86.Build.0 = Release|Any CPU
	EndGlobalSection
	GlobalSection(SolutionProperties) = preSolution
		HideSolutionNode = FALSE
	EndGlobalSection
	GlobalSection(NestedProjects) = preSolution
		{60249242-850B-43D7-AB88-A65172D3D82E} = {827E0CD3-B72D-47B6-A68D-7590B98EB39B}
		{48FD2360-470B-4289-8880-B155239FFA40} = {827E0CD3-B72D-47B6-A68D-7590B98EB39B}
		{82F64A1F-843C-4E67-8E05-83A9CEE42A55} = {827E0CD3-B72D-47B6-A68D-7590B98EB39B}
		{7ACDFD4C-D557-455B-AF8C-6E5C4FFEE2A8} = {07C2787E-EAC7-C090-1BA3-A61EC2A24D84}
		{02A23FF6-9EEC-4045-86D9-2E056F4D02B5} = {0AB3BF05-4346-4AA6-1389-037BE0695223}
		{EF676F7E-2B8A-4231-B388-8819079C2C76} = {0AB3BF05-4346-4AA6-1389-037BE0695223}
	EndGlobalSection
EndGlobal
